
Microsoft Visual Studio Solution File, Format Version 12.00
# Visual Studio Version 17
VisualStudioVersion = 17.7.34221.43
MinimumVisualStudioVersion = 10.0.40219.1
Project("{8BC9CEB8-8B4A-11D0-8D11-00A0C91BC942}") = "01_STL三大组件", "01_STL三大组件\01_STL三大组件.vcxproj", "{D954E303-6425-4913-A29E-C864BB0F1DC4}"
EndProject
Project("{8BC9CEB8-8B4A-11D0-8D11-00A0C91BC942}") = "02_String容器", "02_String容器\02_String容器.vcxproj", "{3AB92B92-657A-42DD-AB5D-D6F458E5FEA9}"
EndProject
Project("{8BC9CEB8-8B4A-11D0-8D11-00A0C91BC942}") = "03_vector容器", "03_vector容器\03_vector容器.vcxproj", "{50DEF943-A515-4DBA-964D-E825E2567710}"
EndProject
Project("{8BC9CEB8-8B4A-11D0-8D11-00A0C91BC942}") = "04_deque容器", "04_deque容器\04_deque容器.vcxproj", "{59443F9E-B565-490A-A011-7DCB69B00D19}"
EndProject
Project("{8BC9CEB8-8B4A-11D0-8D11-00A0C91BC942}") = "05_work评委打分", "05_work评委打分\05_work评委打分.vcxproj", "{6457E572-08AF-457A-BE41-57FE64BCA505}"
EndProject
Project("{8BC9CEB8-8B4A-11D0-8D11-00A0C91BC942}") = "06_stack容器", "06_stack容器\06_stack容器.vcxproj", "{68EAB273-3A21-4086-8069-8DFAE686A63C}"
EndProject
Project("{8BC9CEB8-8B4A-11D0-8D11-00A0C91BC942}") = "07_queue容器", "07_queue容器\07_queue容器.vcxproj", "{06AA8966-7AA6-4293-B82C-D04A45125976}"
EndProject
Project("{8BC9CEB8-8B4A-11D0-8D11-00A0C91BC942}") = "08_list容器", "08_list容器\08_list容器.vcxproj", "{2C75673F-F07A-4F71-95B4-C9013253B050}"
EndProject
Project("{8BC9CEB8-8B4A-11D0-8D11-00A0C91BC942}") = "09_set容器", "09_set容器\09_set容器.vcxproj", "{78D11028-C51A-4F8E-A886-92DCE7DDBDE2}"
EndProject
Project("{8BC9CEB8-8B4A-11D0-8D11-00A0C91BC942}") = "10_pair对组", "10_pair对组\10_pair对组.vcxproj", "{08E2CAB4-B741-43CE-9A37-61183369E961}"
EndProject
Project("{8BC9CEB8-8B4A-11D0-8D11-00A0C91BC942}") = "11_map容器", "11_map容器\11_map容器.vcxproj", "{457A6A29-D546-48DB-8007-7BF968240EF1}"
EndProject
Global
	GlobalSection(SolutionConfigurationPlatforms) = preSolution
		Debug|x64 = Debug|x64
		Debug|x86 = Debug|x86
		Release|x64 = Release|x64
		Release|x86 = Release|x86
	EndGlobalSection
	GlobalSection(ProjectConfigurationPlatforms) = postSolution
		{D954E303-6425-4913-A29E-C864BB0F1DC4}.Debug|x64.ActiveCfg = Debug|x64
		{D954E303-6425-4913-A29E-C864BB0F1DC4}.Debug|x64.Build.0 = Debug|x64
		{D954E303-6425-4913-A29E-C864BB0F1DC4}.Debug|x86.ActiveCfg = Debug|Win32
		{D954E303-6425-4913-A29E-C864BB0F1DC4}.Debug|x86.Build.0 = Debug|Win32
		{D954E303-6425-4913-A29E-C864BB0F1DC4}.Release|x64.ActiveCfg = Release|x64
		{D954E303-6425-4913-A29E-C864BB0F1DC4}.Release|x64.Build.0 = Release|x64
		{D954E303-6425-4913-A29E-C864BB0F1DC4}.Release|x86.ActiveCfg = Release|Win32
		{D954E303-6425-4913-A29E-C864BB0F1DC4}.Release|x86.Build.0 = Release|Win32
		{3AB92B92-657A-42DD-AB5D-D6F458E5FEA9}.Debug|x64.ActiveCfg = Debug|x64
		{3AB92B92-657A-42DD-AB5D-D6F458E5FEA9}.Debug|x64.Build.0 = Debug|x64
		{3AB92B92-657A-42DD-AB5D-D6F458E5FEA9}.Debug|x86.ActiveCfg = Debug|Win32
		{3AB92B92-657A-42DD-AB5D-D6F458E5FEA9}.Debug|x86.Build.0 = Debug|Win32
		{3AB92B92-657A-42DD-AB5D-D6F458E5FEA9}.Release|x64.ActiveCfg = Release|x64
		{3AB92B92-657A-42DD-AB5D-D6F458E5FEA9}.Release|x64.Build.0 = Release|x64
		{3AB92B92-657A-42DD-AB5D-D6F458E5FEA9}.Release|x86.ActiveCfg = Release|Win32
		{3AB92B92-657A-42DD-AB5D-D6F458E5FEA9}.Release|x86.Build.0 = Release|Win32
		{50DEF943-A515-4DBA-964D-E825E2567710}.Debug|x64.ActiveCfg = Debug|x64
		{50DEF943-A515-4DBA-964D-E825E2567710}.Debug|x64.Build.0 = Debug|x64
		{50DEF943-A515-4DBA-964D-E825E2567710}.Debug|x86.ActiveCfg = Debug|Win32
		{50DEF943-A515-4DBA-964D-E825E2567710}.Debug|x86.Build.0 = Debug|Win32
		{50DEF943-A515-4DBA-964D-E825E2567710}.Release|x64.ActiveCfg = Release|x64
		{50DEF943-A515-4DBA-964D-E825E2567710}.Release|x64.Build.0 = Release|x64
		{50DEF943-A515-4DBA-964D-E825E2567710}.Release|x86.ActiveCfg = Release|Win32
		{50DEF943-A515-4DBA-964D-E825E2567710}.Release|x86.Build.0 = Release|Win32
		{59443F9E-B565-490A-A011-7DCB69B00D19}.Debug|x64.ActiveCfg = Debug|x64
		{59443F9E-B565-490A-A011-7DCB69B00D19}.Debug|x64.Build.0 = Debug|x64
		{59443F9E-B565-490A-A011-7DCB69B00D19}.Debug|x86.ActiveCfg = Debug|Win32
		{59443F9E-B565-490A-A011-7DCB69B00D19}.Debug|x86.Build.0 = Debug|Win32
		{59443F9E-B565-490A-A011-7DCB69B00D19}.Release|x64.ActiveCfg = Release|x64
		{59443F9E-B565-490A-A011-7DCB69B00D19}.Release|x64.Build.0 = Release|x64
		{59443F9E-B565-490A-A011-7DCB69B00D19}.Release|x86.ActiveCfg = Release|Win32
		{59443F9E-B565-490A-A011-7DCB69B00D19}.Release|x86.Build.0 = Release|Win32
		{6457E572-08AF-457A-BE41-57FE64BCA505}.Debug|x64.ActiveCfg = Debug|x64
		{6457E572-08AF-457A-BE41-57FE64BCA505}.Debug|x64.Build.0 = Debug|x64
		{6457E572-08AF-457A-BE41-57FE64BCA505}.Debug|x86.ActiveCfg = Debug|Win32
		{6457E572-08AF-457A-BE41-57FE64BCA505}.Debug|x86.Build.0 = Debug|Win32
		{6457E572-08AF-457A-BE41-57FE64BCA505}.Release|x64.ActiveCfg = Release|x64
		{6457E572-08AF-457A-BE41-57FE64BCA505}.Release|x64.Build.0 = Release|x64
		{6457E572-08AF-457A-BE41-57FE64BCA505}.Release|x86.ActiveCfg = Release|Win32
		{6457E572-08AF-457A-BE41-57FE64BCA505}.Release|x86.Build.0 = Release|Win32
		{68EAB273-3A21-4086-8069-8DFAE686A63C}.Debug|x64.ActiveCfg = Debug|x64
		{68EAB273-3A21-4086-8069-8DFAE686A63C}.Debug|x64.Build.0 = Debug|x64
		{68EAB273-3A21-4086-8069-8DFAE686A63C}.Debug|x86.ActiveCfg = Debug|Win32
		{68EAB273-3A21-4086-8069-8DFAE686A63C}.Debug|x86.Build.0 = Debug|Win32
		{68EAB273-3A21-4086-8069-8DFAE686A63C}.Release|x64.ActiveCfg = Release|x64
		{68EAB273-3A21-4086-8069-8DFAE686A63C}.Release|x64.Build.0 = Release|x64
		{68EAB273-3A21-4086-8069-8DFAE686A63C}.Release|x86.ActiveCfg = Release|Win32
		{68EAB273-3A21-4086-8069-8DFAE686A63C}.Release|x86.Build.0 = Release|Win32
		{06AA8966-7AA6-4293-B82C-D04A45125976}.Debug|x64.ActiveCfg = Debug|x64
		{06AA8966-7AA6-4293-B82C-D04A45125976}.Debug|x64.Build.0 = Debug|x64
		{06AA8966-7AA6-4293-B82C-D04A45125976}.Debug|x86.ActiveCfg = Debug|Win32
		{06AA8966-7AA6-4293-B82C-D04A45125976}.Debug|x86.Build.0 = Debug|Win32
		{06AA8966-7AA6-4293-B82C-D04A45125976}.Release|x64.ActiveCfg = Release|x64
		{06AA8966-7AA6-4293-B82C-D04A45125976}.Release|x64.Build.0 = Release|x64
		{06AA8966-7AA6-4293-B82C-D04A45125976}.Release|x86.ActiveCfg = Release|Win32
		{06AA8966-7AA6-4293-B82C-D04A45125976}.Release|x86.Build.0 = Release|Win32
		{2C75673F-F07A-4F71-95B4-C9013253B050}.Debug|x64.ActiveCfg = Debug|x64
		{2C75673F-F07A-4F71-95B4-C9013253B050}.Debug|x64.Build.0 = Debug|x64
		{2C75673F-F07A-4F71-95B4-C9013253B050}.Debug|x86.ActiveCfg = Debug|Win32
		{2C75673F-F07A-4F71-95B4-C9013253B050}.Debug|x86.Build.0 = Debug|Win32
		{2C75673F-F07A-4F71-95B4-C9013253B050}.Release|x64.ActiveCfg = Release|x64
		{2C75673F-F07A-4F71-95B4-C9013253B050}.Release|x64.Build.0 = Release|x64
		{2C75673F-F07A-4F71-95B4-C9013253B050}.Release|x86.ActiveCfg = Release|Win32
		{2C75673F-F07A-4F71-95B4-C9013253B050}.Release|x86.Build.0 = Release|Win32
		{78D11028-C51A-4F8E-A886-92DCE7DDBDE2}.Debug|x64.ActiveCfg = Debug|x64
		{78D11028-C51A-4F8E-A886-92DCE7DDBDE2}.Debug|x64.Build.0 = Debug|x64
		{78D11028-C51A-4F8E-A886-92DCE7DDBDE2}.Debug|x86.ActiveCfg = Debug|Win32
		{78D11028-C51A-4F8E-A886-92DCE7DDBDE2}.Debug|x86.Build.0 = Debug|Win32
		{78D11028-C51A-4F8E-A886-92DCE7DDBDE2}.Release|x64.ActiveCfg = Release|x64
		{78D11028-C51A-4F8E-A886-92DCE7DDBDE2}.Release|x64.Build.0 = Release|x64
		{78D11028-C51A-4F8E-A886-92DCE7DDBDE2}.Release|x86.ActiveCfg = Release|Win32
		{78D11028-C51A-4F8E-A886-92DCE7DDBDE2}.Release|x86.Build.0 = Release|Win32
		{08E2CAB4-B741-43CE-9A37-61183369E961}.Debug|x64.ActiveCfg = Debug|x64
		{08E2CAB4-B741-43CE-9A37-61183369E961}.Debug|x64.Build.0 = Debug|x64
		{08E2CAB4-B741-43CE-9A37-61183369E961}.Debug|x86.ActiveCfg = Debug|Win32
		{08E2CAB4-B741-43CE-9A37-61183369E961}.Debug|x86.Build.0 = Debug|Win32
		{08E2CAB4-B741-43CE-9A37-61183369E961}.Release|x64.ActiveCfg = Release|x64
		{08E2CAB4-B741-43CE-9A37-61183369E961}.Release|x64.Build.0 = Release|x64
		{08E2CAB4-B741-43CE-9A37-61183369E961}.Release|x86.ActiveCfg = Release|Win32
		{08E2CAB4-B741-43CE-9A37-61183369E961}.Release|x86.Build.0 = Release|Win32
		{457A6A29-D546-48DB-8007-7BF968240EF1}.Debug|x64.ActiveCfg = Debug|x64
		{457A6A29-D546-48DB-8007-7BF968240EF1}.Debug|x64.Build.0 = Debug|x64
		{457A6A29-D546-48DB-8007-7BF968240EF1}.Debug|x86.ActiveCfg = Debug|Win32
		{457A6A29-D546-48DB-8007-7BF968240EF1}.Debug|x86.Build.0 = Debug|Win32
		{457A6A29-D546-48DB-8007-7BF968240EF1}.Release|x64.ActiveCfg = Release|x64
		{457A6A29-D546-48DB-8007-7BF968240EF1}.Release|x64.Build.0 = Release|x64
		{457A6A29-D546-48DB-8007-7BF968240EF1}.Release|x86.ActiveCfg = Release|Win32
		{457A6A29-D546-48DB-8007-7BF968240EF1}.Release|x86.Build.0 = Release|Win32
	EndGlobalSection
	GlobalSection(SolutionProperties) = preSolution
		HideSolutionNode = FALSE
	EndGlobalSection
	GlobalSection(ExtensibilityGlobals) = postSolution
		SolutionGuid = {D4BADEA4-AB7D-43A0-9FFD-A1ECCEF0CF50}
	EndGlobalSection
EndGlobal
